
Microsoft Visual Studio Solution File, Format Version 12.00
# Visual Studio 15
VisualStudioVersion = 15.0.28307.757
MinimumVisualStudioVersion = 10.0.40219.1
Project("{8BC9CEB8-8B4A-11D0-8D11-00A0C91BC942}") = "ConsoleApplication2", "ConsoleApplication2\ConsoleApplication2.vcxproj", "{818CACE9-9E58-4859-B8C2-6B14E9D526EC}"
EndProject
Global
	GlobalSection(SolutionConfigurationPlatforms) = preSolution
		Debug|x64 = Debug|x64
		Debug|x86 = Debug|x86
		Release|x64 = Release|x64
		Release|x86 = Release|x86
	EndGlobalSection
	GlobalSection(ProjectConfigurationPlatforms) = postSolution
		{818CACE9-9E58-4859-B8C2-6B14E9D526EC}.Debug|x64.ActiveCfg = Debug|x64
		{818CACE9-9E58-4859-B8C2-6B14E9D526EC}.Debug|x64.Build.0 = Debug|x64
		{818CACE9-9E58-4859-B8C2-6B14E9D526EC}.Debug|x86.ActiveCfg = Debug|Win32
		{818CACE9-9E58-4859-B8C2-6B14E9D526EC}.Debug|x86.Build.0 = Debug|Win32
		{818CACE9-9E58-4859-B8C2-6B14E9D526EC}.Release|x64.ActiveCfg = Release|x64
		{818CACE9-9E58-4859-B8C2-6B14E9D526EC}.Release|x64.Build.0 = Release|x64
		{818CACE9-9E58-4859-B8C2-6B14E9D526EC}.Release|x86.ActiveCfg = Release|Win32
		{818CACE9-9E58-4859-B8C2-6B14E9D526EC}.Release|x86.Build.0 = Release|Win32
	EndGlobalSection
	GlobalSection(SolutionProperties) = preSolution
		HideSolutionNode = FALSE
	EndGlobalSection
	GlobalSection(ExtensibilityGlobals) = postSolution
		SolutionGuid = {87FBD06C-D1B3-4DB5-B1C1-16ADA66305D6}
	EndGlobalSection
EndGlobal
